
Microsoft Visual Studio Solution File, Format Version 12.00
# Visual Studio 2013
VisualStudioVersion = 12.0.31101.0
MinimumVisualStudioVersion = 10.0.40219.1
Project("{FAE04EC0-301F-11D3-BF4B-00C04F79EFBC}") = "ReverseStack", "ReverseStack\ReverseStack.csproj", "{E0A66E32-2746-44D0-A8F8-F74089E4E7EF}"
EndProject
Project("{FAE04EC0-301F-11D3-BF4B-00C04F79EFBC}") = "CalculateSequence", "CalculateSequence\CalculateSequence.csproj", "{E29073CC-3245-4FE7-8CFB-75BE7401F540}"
EndProject
Project("{FAE04EC0-301F-11D3-BF4B-00C04F79EFBC}") = "ImplementStack", "ImplementStack\ImplementStack.csproj", "{C7148705-2DB9-4109-887C-34D87E5478F3}"
EndProject
Project("{FAE04EC0-301F-11D3-BF4B-00C04F79EFBC}") = "ImplementLinkedQueue", "ImplementLinkedQueue\ImplementLinkedQueue.csproj", "{5BD691DE-6EA7-4CE0-AE1A-35203D840261}"
EndProject
Project("{FAE04EC0-301F-11D3-BF4B-00C04F79EFBC}") = "SequenceNM", "SequenceNM\SequenceNM.csproj", "{D991D834-8A4E-4786-95BD-2BF267D5831C}"
EndProject
Global
	GlobalSection(SolutionConfigurationPlatforms) = preSolution
		Debug|Any CPU = Debug|Any CPU
		Release|Any CPU = Release|Any CPU
	EndGlobalSection
	GlobalSection(ProjectConfigurationPlatforms) = postSolution
		{E0A66E32-2746-44D0-A8F8-F74089E4E7EF}.Debug|Any CPU.ActiveCfg = Debug|Any CPU
		{E0A66E32-2746-44D0-A8F8-F74089E4E7EF}.Debug|Any CPU.Build.0 = Debug|Any CPU
		{E0A66E32-2746-44D0-A8F8-F74089E4E7EF}.Release|Any CPU.ActiveCfg = Release|Any CPU
		{E0A66E32-2746-44D0-A8F8-F74089E4E7EF}.Release|Any CPU.Build.0 = Release|Any CPU
		{E29073CC-3245-4FE7-8CFB-75BE7401F540}.Debug|Any CPU.ActiveCfg = Debug|Any CPU
		{E29073CC-3245-4FE7-8CFB-75BE7401F540}.Debug|Any CPU.Build.0 = Debug|Any CPU
		{E29073CC-3245-4FE7-8CFB-75BE7401F540}.Release|Any CPU.ActiveCfg = Release|Any CPU
		{E29073CC-3245-4FE7-8CFB-75BE7401F540}.Release|Any CPU.Build.0 = Release|Any CPU
		{C7148705-2DB9-4109-887C-34D87E5478F3}.Debug|Any CPU.ActiveCfg = Debug|Any CPU
		{C7148705-2DB9-4109-887C-34D87E5478F3}.Debug|Any CPU.Build.0 = Debug|Any CPU
		{C7148705-2DB9-4109-887C-34D87E5478F3}.Release|Any CPU.ActiveCfg = Release|Any CPU
		{C7148705-2DB9-4109-887C-34D87E5478F3}.Release|Any CPU.Build.0 = Release|Any CPU
		{5BD691DE-6EA7-4CE0-AE1A-35203D840261}.Debug|Any CPU.ActiveCfg = Debug|Any CPU
		{5BD691DE-6EA7-4CE0-AE1A-35203D840261}.Debug|Any CPU.Build.0 = Debug|Any CPU
		{5BD691DE-6EA7-4CE0-AE1A-35203D840261}.Release|Any CPU.ActiveCfg = Release|Any CPU
		{5BD691DE-6EA7-4CE0-AE1A-35203D840261}.Release|Any CPU.Build.0 = Release|Any CPU
		{D991D834-8A4E-4786-95BD-2BF267D5831C}.Debug|Any CPU.ActiveCfg = Debug|Any CPU
		{D991D834-8A4E-4786-95BD-2BF267D5831C}.Debug|Any CPU.Build.0 = Debug|Any CPU
		{D991D834-8A4E-4786-95BD-2BF267D5831C}.Release|Any CPU.ActiveCfg = Release|Any CPU
		{D991D834-8A4E-4786-95BD-2BF267D5831C}.Release|Any CPU.Build.0 = Release|Any CPU
	EndGlobalSection
	GlobalSection(SolutionProperties) = preSolution
		HideSolutionNode = FALSE
	EndGlobalSection
EndGlobal
